
Microsoft Visual Studio Solution File, Format Version 12.00
Project("{FAE04EC0-301F-11D3-BF4B-00C04F79EFBC}") = "AlphaApi", "AlphaApi\AlphaApi.csproj", "{90D90213-5414-4B01-A55E-74A2FBFC4C93}"
EndProject
Global
	GlobalSection(SolutionConfigurationPlatforms) = preSolution
		Debug|Any CPU = Debug|Any CPU
		Release|Any CPU = Release|Any CPU
	EndGlobalSection
	GlobalSection(ProjectConfigurationPlatforms) = postSolution
		{90D90213-5414-4B01-A55E-74A2FBFC4C93}.Debug|Any CPU.ActiveCfg = Debug|Any CPU
		{90D90213-5414-4B01-A55E-74A2FBFC4C93}.Debug|Any CPU.Build.0 = Debug|Any CPU
		{90D90213-5414-4B01-A55E-74A2FBFC4C93}.Release|Any CPU.ActiveCfg = Release|Any CPU
		{90D90213-5414-4B01-A55E-74A2FBFC4C93}.Release|Any CPU.Build.0 = Release|Any CPU
	EndGlobalSection
EndGlobal
